// !$*UTF8*$!
{
	archiveVersion = 1;
	classes = {
	};
	objectVersion = 56;
	objects = {

/* Begin PBXBuildFile section */
		EC44ED072DB6BB380096D25D /* AppDelegate.swift in Sources */ = {isa = PBXBuildFile; fileRef = EC44ED062DB6BB380096D25D /* AppDelegate.swift */; };
		EC44ED092DB6BB380096D25D /* SceneDelegate.swift in Sources */ = {isa = PBXBuildFile; fileRef = EC44ED082DB6BB380096D25D /* SceneDelegate.swift */; };
		EC44ED0B2DB6BB380096D25D /* RMTabViewController.swift in Sources */ = {isa = PBXBuildFile; fileRef = EC44ED0A2DB6BB380096D25D /* RMTabViewController.swift */; };
		EC44ED102DB6BB3A0096D25D /* Assets.xcassets in Resources */ = {isa = PBXBuildFile; fileRef = EC44ED0F2DB6BB3A0096D25D /* Assets.xcassets */; };
		EC44ED132DB6BB3A0096D25D /* Base in Resources */ = {isa = PBXBuildFile; fileRef = EC44ED122DB6BB3A0096D25D /* Base */; };
		EC44ED222DB6E6F00096D25D /* RMLocation.swift in Sources */ = {isa = PBXBuildFile; fileRef = EC44ED212DB6E6F00096D25D /* RMLocation.swift */; };
		EC44ED242DB6E72C0096D25D /* RMEpisode.swift in Sources */ = {isa = PBXBuildFile; fileRef = EC44ED232DB6E72C0096D25D /* RMEpisode.swift */; };
		EC44ED272DB6E78E0096D25D /* RMCharacterViewController.swift in Sources */ = {isa = PBXBuildFile; fileRef = EC44ED262DB6E78E0096D25D /* RMCharacterViewController.swift */; };
		EC44ED292DB6E7990096D25D /* RMLocationViewController.swift in Sources */ = {isa = PBXBuildFile; fileRef = EC44ED282DB6E7990096D25D /* RMLocationViewController.swift */; };
		EC44ED2B2DB6E7A10096D25D /* RMEpisodeViewController.swift in Sources */ = {isa = PBXBuildFile; fileRef = EC44ED2A2DB6E7A10096D25D /* RMEpisodeViewController.swift */; };
		EC44ED2D2DB6E7AB0096D25D /* RMSettingsViewController.swift in Sources */ = {isa = PBXBuildFile; fileRef = EC44ED2C2DB6E7AB0096D25D /* RMSettingsViewController.swift */; };
		EC44ED2F2DB6F0610096D25D /* RMCharacter.swift in Sources */ = {isa = PBXBuildFile; fileRef = EC44ED2E2DB6F0600096D25D /* RMCharacter.swift */; };
		EC44ED312DB6F11E0096D25D /* RMService.swift in Sources */ = {isa = PBXBuildFile; fileRef = EC44ED302DB6F11E0096D25D /* RMService.swift */; };
		EC44ED342DB6F5A20096D25D /* RMRequest.swift in Sources */ = {isa = PBXBuildFile; fileRef = EC44ED332DB6F5A20096D25D /* RMRequest.swift */; };
		ECE5D2F52DB8BE6100917DF0 /* RMCharacterListViewModel.swift in Sources */ = {isa = PBXBuildFile; fileRef = ECE5D2F42DB8BE6100917DF0 /* RMCharacterListViewModel.swift */; };
		ECE5D2F72DB8BFAF00917DF0 /* RMCharacterListView.swift in Sources */ = {isa = PBXBuildFile; fileRef = ECE5D2F62DB8BFAF00917DF0 /* RMCharacterListView.swift */; };
		ECFE67D92DB83A910067079F /* RMAllCharacters.swift in Sources */ = {isa = PBXBuildFile; fileRef = ECFE67D82DB83A910067079F /* RMAllCharacters.swift */; };
/* End PBXBuildFile section */

/* Begin PBXFileReference section */
		EC44ED032DB6BB380096D25D /* RicknMorty.app */ = {isa = PBXFileReference; explicitFileType = wrapper.application; includeInIndex = 0; path = RicknMorty.app; sourceTree = BUILT_PRODUCTS_DIR; };
		EC44ED062DB6BB380096D25D /* AppDelegate.swift */ = {isa = PBXFileReference; lastKnownFileType = sourcecode.swift; path = AppDelegate.swift; sourceTree = "<group>"; };
		EC44ED082DB6BB380096D25D /* SceneDelegate.swift */ = {isa = PBXFileReference; lastKnownFileType = sourcecode.swift; path = SceneDelegate.swift; sourceTree = "<group>"; };
		EC44ED0A2DB6BB380096D25D /* RMTabViewController.swift */ = {isa = PBXFileReference; lastKnownFileType = sourcecode.swift; path = RMTabViewController.swift; sourceTree = "<group>"; };
		EC44ED0F2DB6BB3A0096D25D /* Assets.xcassets */ = {isa = PBXFileReference; lastKnownFileType = folder.assetcatalog; path = Assets.xcassets; sourceTree = "<group>"; };
		EC44ED122DB6BB3A0096D25D /* Base */ = {isa = PBXFileReference; lastKnownFileType = file.storyboard; name = Base; path = Base.lproj/LaunchScreen.storyboard; sourceTree = "<group>"; };
		EC44ED142DB6BB3A0096D25D /* Info.plist */ = {isa = PBXFileReference; lastKnownFileType = text.plist.xml; path = Info.plist; sourceTree = "<group>"; };
		EC44ED212DB6E6F00096D25D /* RMLocation.swift */ = {isa = PBXFileReference; lastKnownFileType = sourcecode.swift; path = RMLocation.swift; sourceTree = "<group>"; };
		EC44ED232DB6E72C0096D25D /* RMEpisode.swift */ = {isa = PBXFileReference; lastKnownFileType = sourcecode.swift; path = RMEpisode.swift; sourceTree = "<group>"; };
		EC44ED262DB6E78E0096D25D /* RMCharacterViewController.swift */ = {isa = PBXFileReference; lastKnownFileType = sourcecode.swift; path = RMCharacterViewController.swift; sourceTree = "<group>"; };
		EC44ED282DB6E7990096D25D /* RMLocationViewController.swift */ = {isa = PBXFileReference; lastKnownFileType = sourcecode.swift; path = RMLocationViewController.swift; sourceTree = "<group>"; };
		EC44ED2A2DB6E7A10096D25D /* RMEpisodeViewController.swift */ = {isa = PBXFileReference; lastKnownFileType = sourcecode.swift; path = RMEpisodeViewController.swift; sourceTree = "<group>"; };
		EC44ED2C2DB6E7AB0096D25D /* RMSettingsViewController.swift */ = {isa = PBXFileReference; lastKnownFileType = sourcecode.swift; path = RMSettingsViewController.swift; sourceTree = "<group>"; };
		EC44ED2E2DB6F0600096D25D /* RMCharacter.swift */ = {isa = PBXFileReference; lastKnownFileType = sourcecode.swift; path = RMCharacter.swift; sourceTree = "<group>"; };
		EC44ED302DB6F11E0096D25D /* RMService.swift */ = {isa = PBXFileReference; lastKnownFileType = sourcecode.swift; path = RMService.swift; sourceTree = "<group>"; };
		EC44ED332DB6F5A20096D25D /* RMRequest.swift */ = {isa = PBXFileReference; lastKnownFileType = sourcecode.swift; path = RMRequest.swift; sourceTree = "<group>"; };
		ECE5D2F42DB8BE6100917DF0 /* RMCharacterListViewModel.swift */ = {isa = PBXFileReference; lastKnownFileType = sourcecode.swift; path = RMCharacterListViewModel.swift; sourceTree = "<group>"; };
		ECE5D2F62DB8BFAF00917DF0 /* RMCharacterListView.swift */ = {isa = PBXFileReference; lastKnownFileType = sourcecode.swift; path = RMCharacterListView.swift; sourceTree = "<group>"; };
		ECFE67D82DB83A910067079F /* RMAllCharacters.swift */ = {isa = PBXFileReference; lastKnownFileType = sourcecode.swift; path = RMAllCharacters.swift; sourceTree = "<group>"; };
/* End PBXFileReference section */

/* Begin PBXFrameworksBuildPhase section */
		EC44ED002DB6BB380096D25D /* Frameworks */ = {
			isa = PBXFrameworksBuildPhase;
			buildActionMask = 2147483647;
			files = (
			);
			runOnlyForDeploymentPostprocessing = 0;
		};
/* End PBXFrameworksBuildPhase section */

/* Begin PBXGroup section */
		EC44ECFA2DB6BB380096D25D = {
			isa = PBXGroup;
			children = (
				EC44ED052DB6BB380096D25D /* RicknMorty */,
				EC44ED042DB6BB380096D25D /* Products */,
			);
			sourceTree = "<group>";
		};
		EC44ED042DB6BB380096D25D /* Products */ = {
			isa = PBXGroup;
			children = (
				EC44ED032DB6BB380096D25D /* RicknMorty.app */,
			);
			name = Products;
			sourceTree = "<group>";
		};
		EC44ED052DB6BB380096D25D /* RicknMorty */ = {
			isa = PBXGroup;
			children = (
				EC44ED202DB6E6940096D25D /* Resources */,
				EC44ED1F2DB6E6880096D25D /* APIClient */,
				EC44ED1E2DB6E6800096D25D /* Managers */,
				EC44ED1D2DB6E6740096D25D /* ViewModels */,
				EC44ED1C2DB6E66F0096D25D /* Views */,
				EC44ED1B2DB6E6690096D25D /* Models */,
				EC44ED1A2DB6E6600096D25D /* Controllers */,
				EC44ED142DB6BB3A0096D25D /* Info.plist */,
			);
			path = RicknMorty;
			sourceTree = "<group>";
		};
		EC44ED1A2DB6E6600096D25D /* Controllers */ = {
			isa = PBXGroup;
			children = (
				EC44ED252DB6E76D0096D25D /* Core */,
			);
			path = Controllers;
			sourceTree = "<group>";
		};
		EC44ED1B2DB6E6690096D25D /* Models */ = {
			isa = PBXGroup;
			children = (
				EC44ED212DB6E6F00096D25D /* RMLocation.swift */,
				EC44ED232DB6E72C0096D25D /* RMEpisode.swift */,
				EC44ED2E2DB6F0600096D25D /* RMCharacter.swift */,
				ECFE67D82DB83A910067079F /* RMAllCharacters.swift */,
			);
			path = Models;
			sourceTree = "<group>";
		};
		EC44ED1C2DB6E66F0096D25D /* Views */ = {
			isa = PBXGroup;
			children = (
				ECE5D2F62DB8BFAF00917DF0 /* RMCharacterListView.swift */,
			);
			path = Views;
			sourceTree = "<group>";
		};
		EC44ED1D2DB6E6740096D25D /* ViewModels */ = {
			isa = PBXGroup;
			children = (
				ECE5D2F42DB8BE6100917DF0 /* RMCharacterListViewModel.swift */,
			);
			path = ViewModels;
			sourceTree = "<group>";
		};
		EC44ED1E2DB6E6800096D25D /* Managers */ = {
			isa = PBXGroup;
			children = (
			);
			path = Managers;
			sourceTree = "<group>";
		};
		EC44ED1F2DB6E6880096D25D /* APIClient */ = {
			isa = PBXGroup;
			children = (
				EC44ED302DB6F11E0096D25D /* RMService.swift */,
				EC44ED332DB6F5A20096D25D /* RMRequest.swift */,
			);
			path = APIClient;
			sourceTree = "<group>";
		};
		EC44ED202DB6E6940096D25D /* Resources */ = {
			isa = PBXGroup;
			children = (
				EC44ED0F2DB6BB3A0096D25D /* Assets.xcassets */,
				EC44ED112DB6BB3A0096D25D /* LaunchScreen.storyboard */,
				EC44ED062DB6BB380096D25D /* AppDelegate.swift */,
				EC44ED082DB6BB380096D25D /* SceneDelegate.swift */,
			);
			path = Resources;
			sourceTree = "<group>";
		};
		EC44ED252DB6E76D0096D25D /* Core */ = {
			isa = PBXGroup;
			children = (
				EC44ED0A2DB6BB380096D25D /* RMTabViewController.swift */,
				EC44ED262DB6E78E0096D25D /* RMCharacterViewController.swift */,
				EC44ED282DB6E7990096D25D /* RMLocationViewController.swift */,
				EC44ED2A2DB6E7A10096D25D /* RMEpisodeViewController.swift */,
				EC44ED2C2DB6E7AB0096D25D /* RMSettingsViewController.swift */,
			);
			path = Core;
			sourceTree = "<group>";
		};
/* End PBXGroup section */

/* Begin PBXNativeTarget section */
		EC44ED022DB6BB380096D25D /* RicknMorty */ = {
			isa = PBXNativeTarget;
			buildConfigurationList = EC44ED172DB6BB3A0096D25D /* Build configuration list for PBXNativeTarget "RicknMorty" */;
			buildPhases = (
				EC44ECFF2DB6BB380096D25D /* Sources */,
				EC44ED002DB6BB380096D25D /* Frameworks */,
				EC44ED012DB6BB380096D25D /* Resources */,
			);
			buildRules = (
			);
			dependencies = (
			);
			name = RicknMorty;
			productName = RicknMorty;
			productReference = EC44ED032DB6BB380096D25D /* RicknMorty.app */;
			productType = "com.apple.product-type.application";
		};
/* End PBXNativeTarget section */

/* Begin PBXProject section */
		EC44ECFB2DB6BB380096D25D /* Project object */ = {
			isa = PBXProject;
			attributes = {
				BuildIndependentTargetsInParallel = 1;
				LastSwiftUpdateCheck = 1540;
				LastUpgradeCheck = 1540;
				TargetAttributes = {
					EC44ED022DB6BB380096D25D = {
						CreatedOnToolsVersion = 15.4;
					};
				};
			};
			buildConfigurationList = EC44ECFE2DB6BB380096D25D /* Build configuration list for PBXProject "RicknMorty" */;
			compatibilityVersion = "Xcode 14.0";
			developmentRegion = en;
			hasScannedForEncodings = 0;
			knownRegions = (
				en,
				Base,
			);
			mainGroup = EC44ECFA2DB6BB380096D25D;
			productRefGroup = EC44ED042DB6BB380096D25D /* Products */;
			projectDirPath = "";
			projectRoot = "";
			targets = (
				EC44ED022DB6BB380096D25D /* RicknMorty */,
			);
		};
/* End PBXProject section */

/* Begin PBXResourcesBuildPhase section */
		EC44ED012DB6BB380096D25D /* Resources */ = {
			isa = PBXResourcesBuildPhase;
			buildActionMask = 2147483647;
			files = (
				EC44ED102DB6BB3A0096D25D /* Assets.xcassets in Resources */,
				EC44ED132DB6BB3A0096D25D /* Base in Resources */,
			);
			runOnlyForDeploymentPostprocessing = 0;
		};
/* End PBXResourcesBuildPhase section */

/* Begin PBXSourcesBuildPhase section */
		EC44ECFF2DB6BB380096D25D /* Sources */ = {
			isa = PBXSourcesBuildPhase;
			buildActionMask = 2147483647;
			files = (
				ECFE67D92DB83A910067079F /* RMAllCharacters.swift in Sources */,
				EC44ED2D2DB6E7AB0096D25D /* RMSettingsViewController.swift in Sources */,
				EC44ED0B2DB6BB380096D25D /* RMTabViewController.swift in Sources */,
				EC44ED272DB6E78E0096D25D /* RMCharacterViewController.swift in Sources */,
				EC44ED292DB6E7990096D25D /* RMLocationViewController.swift in Sources */,
				EC44ED2F2DB6F0610096D25D /* RMCharacter.swift in Sources */,
				EC44ED072DB6BB380096D25D /* AppDelegate.swift in Sources */,
				EC44ED242DB6E72C0096D25D /* RMEpisode.swift in Sources */,
				EC44ED312DB6F11E0096D25D /* RMService.swift in Sources */,
				EC44ED092DB6BB380096D25D /* SceneDelegate.swift in Sources */,
				EC44ED222DB6E6F00096D25D /* RMLocation.swift in Sources */,
				ECE5D2F52DB8BE6100917DF0 /* RMCharacterListViewModel.swift in Sources */,
				ECE5D2F72DB8BFAF00917DF0 /* RMCharacterListView.swift in Sources */,
				EC44ED342DB6F5A20096D25D /* RMRequest.swift in Sources */,
				EC44ED2B2DB6E7A10096D25D /* RMEpisodeViewController.swift in Sources */,
			);
			runOnlyForDeploymentPostprocessing = 0;
		};
/* End PBXSourcesBuildPhase section */

/* Begin PBXVariantGroup section */
		EC44ED112DB6BB3A0096D25D /* LaunchScreen.storyboard */ = {
			isa = PBXVariantGroup;
			children = (
				EC44ED122DB6BB3A0096D25D /* Base */,
			);
			name = LaunchScreen.storyboard;
			sourceTree = "<group>";
		};
/* End PBXVariantGroup section */

/* Begin XCBuildConfiguration section */
		EC44ED152DB6BB3A0096D25D /* Debug */ = {
			isa = XCBuildConfiguration;
			buildSettings = {
				ALWAYS_SEARCH_USER_PATHS = NO;
				ASSETCATALOG_COMPILER_GENERATE_SWIFT_ASSET_SYMBOL_EXTENSIONS = YES;
				CLANG_ANALYZER_NONNULL = YES;
				CLANG_ANALYZER_NUMBER_OBJECT_CONVERSION = YES_AGGRESSIVE;
				CLANG_CXX_LANGUAGE_STANDARD = "gnu++20";
				CLANG_ENABLE_MODULES = YES;
				CLANG_ENABLE_OBJC_ARC = YES;
				CLANG_ENABLE_OBJC_WEAK = YES;
				CLANG_WARN_BLOCK_CAPTURE_AUTORELEASING = YES;
				CLANG_WARN_BOOL_CONVERSION = YES;
				CLANG_WARN_COMMA = YES;
				CLANG_WARN_CONSTANT_CONVERSION = YES;
				CLANG_WARN_DEPRECATED_OBJC_IMPLEMENTATIONS = YES;
				CLANG_WARN_DIRECT_OBJC_ISA_USAGE = YES_ERROR;
				CLANG_WARN_DOCUMENTATION_COMMENTS = YES;
				CLANG_WARN_EMPTY_BODY = YES;
				CLANG_WARN_ENUM_CONVERSION = YES;
				CLANG_WARN_INFINITE_RECURSION = YES;
				CLANG_WARN_INT_CONVERSION = YES;
				CLANG_WARN_NON_LITERAL_NULL_CONVERSION = YES;
				CLANG_WARN_OBJC_IMPLICIT_RETAIN_SELF = YES;
				CLANG_WARN_OBJC_LITERAL_CONVERSION = YES;
				CLANG_WARN_OBJC_ROOT_CLASS = YES_ERROR;
				CLANG_WARN_QUOTED_INCLUDE_IN_FRAMEWORK_HEADER = YES;
				CLANG_WARN_RANGE_LOOP_ANALYSIS = YES;
				CLANG_WARN_STRICT_PROTOTYPES = YES;
				CLANG_WARN_SUSPICIOUS_MOVE = YES;
				CLANG_WARN_UNGUARDED_AVAILABILITY = YES_AGGRESSIVE;
				CLANG_WARN_UNREACHABLE_CODE = YES;
				CLANG_WARN__DUPLICATE_METHOD_MATCH = YES;
				COPY_PHASE_STRIP = NO;
				DEBUG_INFORMATION_FORMAT = dwarf;
				ENABLE_STRICT_OBJC_MSGSEND = YES;
				ENABLE_TESTABILITY = YES;
				ENABLE_USER_SCRIPT_SANDBOXING = YES;
				GCC_C_LANGUAGE_STANDARD = gnu17;
				GCC_DYNAMIC_NO_PIC = NO;
				GCC_NO_COMMON_BLOCKS = YES;
				GCC_OPTIMIZATION_LEVEL = 0;
				GCC_PREPROCESSOR_DEFINITIONS = (
					"DEBUG=1",
					"$(inherited)",
				);
				GCC_WARN_64_TO_32_BIT_CONVERSION = YES;
				GCC_WARN_ABOUT_RETURN_TYPE = YES_ERROR;
				GCC_WARN_UNDECLARED_SELECTOR = YES;
				GCC_WARN_UNINITIALIZED_AUTOS = YES_AGGRESSIVE;
				GCC_WARN_UNUSED_FUNCTION = YES;
				GCC_WARN_UNUSED_VARIABLE = YES;
				IPHONEOS_DEPLOYMENT_TARGET = 17.5;
				LOCALIZATION_PREFERS_STRING_CATALOGS = YES;
				MTL_ENABLE_DEBUG_INFO = INCLUDE_SOURCE;
				MTL_FAST_MATH = YES;
				ONLY_ACTIVE_ARCH = YES;
				SDKROOT = iphoneos;
				SWIFT_ACTIVE_COMPILATION_CONDITIONS = "DEBUG $(inherited)";
				SWIFT_OPTIMIZATION_LEVEL = "-Onone";
			};
			name = Debug;
		};
		EC44ED162DB6BB3A0096D25D /* Release */ = {
			isa = XCBuildConfiguration;
			buildSettings = {
				ALWAYS_SEARCH_USER_PATHS = NO;
				ASSETCATALOG_COMPILER_GENERATE_SWIFT_ASSET_SYMBOL_EXTENSIONS = YES;
				CLANG_ANALYZER_NONNULL = YES;
				CLANG_ANALYZER_NUMBER_OBJECT_CONVERSION = YES_AGGRESSIVE;
				CLANG_CXX_LANGUAGE_STANDARD = "gnu++20";
				CLANG_ENABLE_MODULES = YES;
				CLANG_ENABLE_OBJC_ARC = YES;
				CLANG_ENABLE_OBJC_WEAK = YES;
				CLANG_WARN_BLOCK_CAPTURE_AUTORELEASING = YES;
				CLANG_WARN_BOOL_CONVERSION = YES;
				CLANG_WARN_COMMA = YES;
				CLANG_WARN_CONSTANT_CONVERSION = YES;
				CLANG_WARN_DEPRECATED_OBJC_IMPLEMENTATIONS = YES;
				CLANG_WARN_DIRECT_OBJC_ISA_USAGE = YES_ERROR;
				CLANG_WARN_DOCUMENTATION_COMMENTS = YES;
				CLANG_WARN_EMPTY_BODY = YES;
				CLANG_WARN_ENUM_CONVERSION = YES;
				CLANG_WARN_INFINITE_RECURSION = YES;
				CLANG_WARN_INT_CONVERSION = YES;
				CLANG_WARN_NON_LITERAL_NULL_CONVERSION = YES;
				CLANG_WARN_OBJC_IMPLICIT_RETAIN_SELF = YES;
				CLANG_WARN_OBJC_LITERAL_CONVERSION = YES;
				CLANG_WARN_OBJC_ROOT_CLASS = YES_ERROR;
				CLANG_WARN_QUOTED_INCLUDE_IN_FRAMEWORK_HEADER = YES;
				CLANG_WARN_RANGE_LOOP_ANALYSIS = YES;
				CLANG_WARN_STRICT_PROTOTYPES = YES;
				CLANG_WARN_SUSPICIOUS_MOVE = YES;
				CLANG_WARN_UNGUARDED_AVAILABILITY = YES_AGGRESSIVE;
				CLANG_WARN_UNREACHABLE_CODE = YES;
				CLANG_WARN__DUPLICATE_METHOD_MATCH = YES;
				COPY_PHASE_STRIP = NO;
				DEBUG_INFORMATION_FORMAT = "dwarf-with-dsym";
				ENABLE_NS_ASSERTIONS = NO;
				ENABLE_STRICT_OBJC_MSGSEND = YES;
				ENABLE_USER_SCRIPT_SANDBOXING = YES;
				GCC_C_LANGUAGE_STANDARD = gnu17;
				GCC_NO_COMMON_BLOCKS = YES;
				GCC_WARN_64_TO_32_BIT_CONVERSION = YES;
				GCC_WARN_ABOUT_RETURN_TYPE = YES_ERROR;
				GCC_WARN_UNDECLARED_SELECTOR = YES;
				GCC_WARN_UNINITIALIZED_AUTOS = YES_AGGRESSIVE;
				GCC_WARN_UNUSED_FUNCTION = YES;
				GCC_WARN_UNUSED_VARIABLE = YES;
				IPHONEOS_DEPLOYMENT_TARGET = 17.5;
				LOCALIZATION_PREFERS_STRING_CATALOGS = YES;
				MTL_ENABLE_DEBUG_INFO = NO;
				MTL_FAST_MATH = YES;
				SDKROOT = iphoneos;
				SWIFT_COMPILATION_MODE = wholemodule;
				VALIDATE_PRODUCT = YES;
			};
			name = Release;
		};
		EC44ED182DB6BB3A0096D25D /* Debug */ = {
			isa = XCBuildConfiguration;
			buildSettings = {
				ASSETCATALOG_COMPILER_APPICON_NAME = AppIcon;
				ASSETCATALOG_COMPILER_GLOBAL_ACCENT_COLOR_NAME = AccentColor;
				CODE_SIGN_STYLE = Automatic;
				CURRENT_PROJECT_VERSION = 1;
				DEVELOPMENT_TEAM = Z8LKPFG943;
				GENERATE_INFOPLIST_FILE = YES;
				INFOPLIST_FILE = RicknMorty/Info.plist;
				INFOPLIST_KEY_UIApplicationSupportsIndirectInputEvents = YES;
				INFOPLIST_KEY_UILaunchStoryboardName = LaunchScreen;
				INFOPLIST_KEY_UISupportedInterfaceOrientations = UIInterfaceOrientationPortrait;
				INFOPLIST_KEY_UISupportedInterfaceOrientations_iPad = "UIInterfaceOrientationPortrait UIInterfaceOrientationPortraitUpsideDown";
				LD_RUNPATH_SEARCH_PATHS = (
					"$(inherited)",
					"@executable_path/Frameworks",
				);
				MARKETING_VERSION = 1.0;
				PRODUCT_BUNDLE_IDENTIFIER = com.yasinakca.RicknMorty;
				PRODUCT_NAME = "$(TARGET_NAME)";
				SWIFT_EMIT_LOC_STRINGS = YES;
				SWIFT_VERSION = 5.0;
				TARGETED_DEVICE_FAMILY = "1,2";
			};
			name = Debug;
		};
		EC44ED192DB6BB3A0096D25D /* Release */ = {
			isa = XCBuildConfiguration;
			buildSettings = {
				ASSETCATALOG_COMPILER_APPICON_NAME = AppIcon;
				ASSETCATALOG_COMPILER_GLOBAL_ACCENT_COLOR_NAME = AccentColor;
				CODE_SIGN_STYLE = Automatic;
				CURRENT_PROJECT_VERSION = 1;
				DEVELOPMENT_TEAM = Z8LKPFG943;
				GENERATE_INFOPLIST_FILE = YES;
				INFOPLIST_FILE = RicknMorty/Info.plist;
				INFOPLIST_KEY_UIApplicationSupportsIndirectInputEvents = YES;
				INFOPLIST_KEY_UILaunchStoryboardName = LaunchScreen;
				INFOPLIST_KEY_UISupportedInterfaceOrientations = UIInterfaceOrientationPortrait;
				INFOPLIST_KEY_UISupportedInterfaceOrientations_iPad = "UIInterfaceOrientationPortrait UIInterfaceOrientationPortraitUpsideDown";
				LD_RUNPATH_SEARCH_PATHS = (
					"$(inherited)",
					"@executable_path/Frameworks",
				);
				MARKETING_VERSION = 1.0;
				PRODUCT_BUNDLE_IDENTIFIER = com.yasinakca.RicknMorty;
				PRODUCT_NAME = "$(TARGET_NAME)";
				SWIFT_EMIT_LOC_STRINGS = YES;
				SWIFT_VERSION = 5.0;
				TARGETED_DEVICE_FAMILY = "1,2";
			};
			name = Release;
		};
/* End XCBuildConfiguration section */

/* Begin XCConfigurationList section */
		EC44ECFE2DB6BB380096D25D /* Build configuration list for PBXProject "RicknMorty" */ = {
			isa = XCConfigurationList;
			buildConfigurations = (
				EC44ED152DB6BB3A0096D25D /* Debug */,
				EC44ED162DB6BB3A0096D25D /* Release */,
			);
			defaultConfigurationIsVisible = 0;
			defaultConfigurationName = Release;
		};
		EC44ED172DB6BB3A0096D25D /* Build configuration list for PBXNativeTarget "RicknMorty" */ = {
			isa = XCConfigurationList;
			buildConfigurations = (
				EC44ED182DB6BB3A0096D25D /* Debug */,
				EC44ED192DB6BB3A0096D25D /* Release */,
			);
			defaultConfigurationIsVisible = 0;
			defaultConfigurationName = Release;
		};
/* End XCConfigurationList section */
	};
	rootObject = EC44ECFB2DB6BB380096D25D /* Project object */;
}
